{
  "name": "creek",
  "version": "1.0.0",
  "lockfileVersion": 1,
  "requires": true,
  "dependencies": {
    "@webcomponents/webcomponentsjs": {
      "version": "2.4.0",
      "resolved": "https://registry.npmjs.org/@webcomponents/webcomponentsjs/-/webcomponentsjs-2.4.0.tgz",
      "integrity": "sha512-kEClEz2nu9/i6SvyBJTV4pCc6CyCzMhK7zEeJ6QhiJoulBp4YZ06Zfj2E2HUXfWfHJIjtKriJYMtfhettKEjEg=="
    },
    "body-scroll-lock": {
      "version": "3.0.1",
      "resolved": "https://registry.npmjs.org/body-scroll-lock/-/body-scroll-lock-3.0.1.tgz",
      "integrity": "sha512-BYcnBAv6r3iKFDeYgG3ZMiOtxHDcHaev84he4vU4nB062A9MSUHsbVkrgsiSZlGCcWqoqGKCKTytSUhzuEjiCQ=="
    }
  }
}
